
Microsoft Visual Studio Solution File, Format Version 12.00
# Visual Studio Version 16
VisualStudioVersion = 16.0.30320.27
MinimumVisualStudioVersion = 10.0.40219.1
Project("{888888A0-9F3D-457C-B088-3A5042F75D52}") = "Tonacje", "Tonacje\Tonacje.pyproj", "{70BC9511-E96F-462B-81AA-EA9FF75FDE1B}"
EndProject
Global
	GlobalSection(SolutionConfigurationPlatforms) = preSolution
		Debug|Any CPU = Debug|Any CPU
		Release|Any CPU = Release|Any CPU
	EndGlobalSection
	GlobalSection(ProjectConfigurationPlatforms) = postSolution
		{70BC9511-E96F-462B-81AA-EA9FF75FDE1B}.Debug|Any CPU.ActiveCfg = Debug|Any CPU
		{70BC9511-E96F-462B-81AA-EA9FF75FDE1B}.Release|Any CPU.ActiveCfg = Release|Any CPU
	EndGlobalSection
	GlobalSection(SolutionProperties) = preSolution
		HideSolutionNode = FALSE
	EndGlobalSection
	GlobalSection(ExtensibilityGlobals) = postSolution
		SolutionGuid = {803C70E4-0D94-40BD-B0A3-3F5A9111A8E2}
	EndGlobalSection
EndGlobal
